
Microsoft Visual Studio Solution File, Format Version 12.00
# Visual Studio Version 17
VisualStudioVersion = 17.7.34202.233
MinimumVisualStudioVersion = 10.0.40219.1
Project("{FAE04EC0-301F-11D3-BF4B-00C04F79EFBC}") = "testproj", "testproj\testproj.csproj", "{F7BEEAD0-AAE7-4E94-9907-1CD9C5E52FEA}"
EndProject
Global
	GlobalSection(SolutionConfigurationPlatforms) = preSolution
		Debug|Any CPU = Debug|Any CPU
		Release|Any CPU = Release|Any CPU
	EndGlobalSection
	GlobalSection(ProjectConfigurationPlatforms) = postSolution
		{F7BEEAD0-AAE7-4E94-9907-1CD9C5E52FEA}.Debug|Any CPU.ActiveCfg = Debug|Any CPU
		{F7BEEAD0-AAE7-4E94-9907-1CD9C5E52FEA}.Debug|Any CPU.Build.0 = Debug|Any CPU
		{F7BEEAD0-AAE7-4E94-9907-1CD9C5E52FEA}.Release|Any CPU.ActiveCfg = Release|Any CPU
		{F7BEEAD0-AAE7-4E94-9907-1CD9C5E52FEA}.Release|Any CPU.Build.0 = Release|Any CPU
	EndGlobalSection
	GlobalSection(SolutionProperties) = preSolution
		HideSolutionNode = FALSE
	EndGlobalSection
	GlobalSection(ExtensibilityGlobals) = postSolution
		SolutionGuid = {8535FC5B-0D96-46DC-A7CF-FEF81EE5B258}
	EndGlobalSection
EndGlobal
